// !$*UTF8*$!
{
	archiveVersion = 1;
	classes = {
	};
	objectVersion = 51;
	objects = {

/* Begin PBXBuildFile section */
		CEF2034226CC078F00171AF9 /* AppDelegate.swift in Sources */ = {isa = PBXBuildFile; fileRef = CEF2034126CC078F00171AF9 /* AppDelegate.swift */; };
		CEF2034426CC078F00171AF9 /* SceneDelegate.swift in Sources */ = {isa = PBXBuildFile; fileRef = CEF2034326CC078F00171AF9 /* SceneDelegate.swift */; };
		CEF2034626CC078F00171AF9 /* ViewController.swift in Sources */ = {isa = PBXBuildFile; fileRef = CEF2034526CC078F00171AF9 /* ViewController.swift */; };
		CEF2034926CC078F00171AF9 /* Main.storyboard in Resources */ = {isa = PBXBuildFile; fileRef = CEF2034726CC078F00171AF9 /* Main.storyboard */; };
		CEF2034B26CC079200171AF9 /* Assets.xcassets in Resources */ = {isa = PBXBuildFile; fileRef = CEF2034A26CC079200171AF9 /* Assets.xcassets */; };
		CEF2034E26CC079200171AF9 /* LaunchScreen.storyboard in Resources */ = {isa = PBXBuildFile; fileRef = CEF2034C26CC079200171AF9 /* LaunchScreen.storyboard */; };
		CEF2035626CC095700171AF9 /* GoogleService-Info.plist in Resources */ = {isa = PBXBuildFile; fileRef = CEF2035526CC095700171AF9 /* GoogleService-Info.plist */; };
		F49EB8AE2ED48339AB0919D8 /* Pods_DontWasteApp_2_0.framework in Frameworks */ = {isa = PBXBuildFile; fileRef = 8E690B9CDCEAD81EC269CE5B /* Pods_DontWasteApp_2_0.framework */; };
/* End PBXBuildFile section */

/* Begin PBXFileReference section */
		8E690B9CDCEAD81EC269CE5B /* Pods_DontWasteApp_2_0.framework */ = {isa = PBXFileReference; explicitFileType = wrapper.framework; includeInIndex = 0; path = Pods_DontWasteApp_2_0.framework; sourceTree = BUILT_PRODUCTS_DIR; };
		97E6B5401111C559F8C947CD /* Pods-DontWasteApp-2.0.release.xcconfig */ = {isa = PBXFileReference; includeInIndex = 1; lastKnownFileType = text.xcconfig; name = "Pods-DontWasteApp-2.0.release.xcconfig"; path = "Target Support Files/Pods-DontWasteApp-2.0/Pods-DontWasteApp-2.0.release.xcconfig"; sourceTree = "<group>"; };
		BCD3E99C4D9469C1B5A8E937 /* Pods-DontWasteApp-2.0.debug.xcconfig */ = {isa = PBXFileReference; includeInIndex = 1; lastKnownFileType = text.xcconfig; name = "Pods-DontWasteApp-2.0.debug.xcconfig"; path = "Target Support Files/Pods-DontWasteApp-2.0/Pods-DontWasteApp-2.0.debug.xcconfig"; sourceTree = "<group>"; };
		CEF2033E26CC078F00171AF9 /* DontWasteApp-2.0.app */ = {isa = PBXFileReference; explicitFileType = wrapper.application; includeInIndex = 0; path = "DontWasteApp-2.0.app"; sourceTree = BUILT_PRODUCTS_DIR; };
		CEF2034126CC078F00171AF9 /* AppDelegate.swift */ = {isa = PBXFileReference; lastKnownFileType = sourcecode.swift; path = AppDelegate.swift; sourceTree = "<group>"; };
		CEF2034326CC078F00171AF9 /* SceneDelegate.swift */ = {isa = PBXFileReference; lastKnownFileType = sourcecode.swift; path = SceneDelegate.swift; sourceTree = "<group>"; };
		CEF2034526CC078F00171AF9 /* ViewController.swift */ = {isa = PBXFileReference; lastKnownFileType = sourcecode.swift; path = ViewController.swift; sourceTree = "<group>"; };
		CEF2034826CC078F00171AF9 /* Base */ = {isa = PBXFileReference; lastKnownFileType = file.storyboard; name = Base; path = Base.lproj/Main.storyboard; sourceTree = "<group>"; };
		CEF2034A26CC079200171AF9 /* Assets.xcassets */ = {isa = PBXFileReference; lastKnownFileType = folder.assetcatalog; path = Assets.xcassets; sourceTree = "<group>"; };
		CEF2034D26CC079200171AF9 /* Base */ = {isa = PBXFileReference; lastKnownFileType = file.storyboard; name = Base; path = Base.lproj/LaunchScreen.storyboard; sourceTree = "<group>"; };
		CEF2034F26CC079200171AF9 /* Info.plist */ = {isa = PBXFileReference; lastKnownFileType = text.plist.xml; path = Info.plist; sourceTree = "<group>"; };
		CEF2035526CC095700171AF9 /* GoogleService-Info.plist */ = {isa = PBXFileReference; fileEncoding = 4; lastKnownFileType = text.plist.xml; path = "GoogleService-Info.plist"; sourceTree = "<group>"; };
/* End PBXFileReference section */

/* Begin PBXFrameworksBuildPhase section */
		CEF2033B26CC078F00171AF9 /* Frameworks */ = {
			isa = PBXFrameworksBuildPhase;
			buildActionMask = 2147483647;
			files = (
				F49EB8AE2ED48339AB0919D8 /* Pods_DontWasteApp_2_0.framework in Frameworks */,
			);
			runOnlyForDeploymentPostprocessing = 0;
		};
/* End PBXFrameworksBuildPhase section */

/* Begin PBXGroup section */
		A740F17295110B2BB113F77A /* Frameworks */ = {
			isa = PBXGroup;
			children = (
				8E690B9CDCEAD81EC269CE5B /* Pods_DontWasteApp_2_0.framework */,
			);
			name = Frameworks;
			sourceTree = "<group>";
		};
		CEF2033526CC078F00171AF9 = {
			isa = PBXGroup;
			children = (
				CEF2034026CC078F00171AF9 /* DontWasteApp-2.0 */,
				CEF2033F26CC078F00171AF9 /* Products */,
				F0EE67D0A4CA87EB9A68D0E4 /* Pods */,
				A740F17295110B2BB113F77A /* Frameworks */,
			);
			sourceTree = "<group>";
		};
		CEF2033F26CC078F00171AF9 /* Products */ = {
			isa = PBXGroup;
			children = (
				CEF2033E26CC078F00171AF9 /* DontWasteApp-2.0.app */,
			);
			name = Products;
			sourceTree = "<group>";
		};
		CEF2034026CC078F00171AF9 /* DontWasteApp-2.0 */ = {
			isa = PBXGroup;
			children = (
				CEF2035926CC0BA000171AF9 /* HomeScreen */,
				CEF2035726CC0B5B00171AF9 /* Cadastro-I */,
				CEF2034126CC078F00171AF9 /* AppDelegate.swift */,
				CEF2034326CC078F00171AF9 /* SceneDelegate.swift */,
				CEF2034726CC078F00171AF9 /* Main.storyboard */,
				CEF2034A26CC079200171AF9 /* Assets.xcassets */,
				CEF2034C26CC079200171AF9 /* LaunchScreen.storyboard */,
				CEF2034F26CC079200171AF9 /* Info.plist */,
				CEF2035526CC095700171AF9 /* GoogleService-Info.plist */,
				CEF2035826CC0B7900171AF9 /* info */,
			);
			path = "DontWasteApp-2.0";
			sourceTree = "<group>";
		};
		CEF2035726CC0B5B00171AF9 /* Cadastro-I */ = {
			isa = PBXGroup;
			children = (
				CEF2034526CC078F00171AF9 /* ViewController.swift */,
			);
			path = "Cadastro-I";
			sourceTree = "<group>";
		};
		CEF2035826CC0B7900171AF9 /* info */ = {
			isa = PBXGroup;
			children = (
			);
			path = info;
			sourceTree = "<group>";
		};
		CEF2035926CC0BA000171AF9 /* HomeScreen */ = {
			isa = PBXGroup;
			children = (
			);
			path = HomeScreen;
			sourceTree = "<group>";
		};
		F0EE67D0A4CA87EB9A68D0E4 /* Pods */ = {
			isa = PBXGroup;
			children = (
				BCD3E99C4D9469C1B5A8E937 /* Pods-DontWasteApp-2.0.debug.xcconfig */,
				97E6B5401111C559F8C947CD /* Pods-DontWasteApp-2.0.release.xcconfig */,
			);
			path = Pods;
			sourceTree = "<group>";
		};
/* End PBXGroup section */

/* Begin PBXNativeTarget section */
		CEF2033D26CC078F00171AF9 /* DontWasteApp-2.0 */ = {
			isa = PBXNativeTarget;
			buildConfigurationList = CEF2035226CC079200171AF9 /* Build configuration list for PBXNativeTarget "DontWasteApp-2.0" */;
			buildPhases = (
				434887CB384D7C4512AC4C69 /* [CP] Check Pods Manifest.lock */,
				CEF2033A26CC078F00171AF9 /* Sources */,
				CEF2033B26CC078F00171AF9 /* Frameworks */,
				CEF2033C26CC078F00171AF9 /* Resources */,
				7C7A02E90ED015ABF32BEFF0 /* [CP] Embed Pods Frameworks */,
			);
			buildRules = (
			);
			dependencies = (
			);
			name = "DontWasteApp-2.0";
			productName = "DontWasteApp-2.0";
			productReference = CEF2033E26CC078F00171AF9 /* DontWasteApp-2.0.app */;
			productType = "com.apple.product-type.application";
		};
/* End PBXNativeTarget section */

/* Begin PBXProject section */
		CEF2033626CC078F00171AF9 /* Project object */ = {
			isa = PBXProject;
			attributes = {
				LastSwiftUpdateCheck = 1250;
				LastUpgradeCheck = 1250;
				TargetAttributes = {
					CEF2033D26CC078F00171AF9 = {
						CreatedOnToolsVersion = 12.5;
					};
				};
			};
			buildConfigurationList = CEF2033926CC078F00171AF9 /* Build configuration list for PBXProject "DontWasteApp-2.0" */;
			compatibilityVersion = "Xcode 9.3";
			developmentRegion = en;
			hasScannedForEncodings = 0;
			knownRegions = (
				en,
				Base,
			);
			mainGroup = CEF2033526CC078F00171AF9;
			productRefGroup = CEF2033F26CC078F00171AF9 /* Products */;
			projectDirPath = "";
			projectRoot = "";
			targets = (
				CEF2033D26CC078F00171AF9 /* DontWasteApp-2.0 */,
			);
		};
/* End PBXProject section */

/* Begin PBXResourcesBuildPhase section */
		CEF2033C26CC078F00171AF9 /* Resources */ = {
			isa = PBXResourcesBuildPhase;
			buildActionMask = 2147483647;
			files = (
				CEF2034E26CC079200171AF9 /* LaunchScreen.storyboard in Resources */,
				CEF2035626CC095700171AF9 /* GoogleService-Info.plist in Resources */,
				CEF2034B26CC079200171AF9 /* Assets.xcassets in Resources */,
				CEF2034926CC078F00171AF9 /* Main.storyboard in Resources */,
			);
			runOnlyForDeploymentPostprocessing = 0;
		};
/* End PBXResourcesBuildPhase section */

/* Begin PBXShellScriptBuildPhase section */
		434887CB384D7C4512AC4C69 /* [CP] Check Pods Manifest.lock */ = {
			isa = PBXShellScriptBuildPhase;
			buildActionMask = 2147483647;
			files = (
			);
			inputFileListPaths = (
			);
			inputPaths = (
				"${PODS_PODFILE_DIR_PATH}/Podfile.lock",
				"${PODS_ROOT}/Manifest.lock",
			);
			name = "[CP] Check Pods Manifest.lock";
			outputFileListPaths = (
			);
			outputPaths = (
				"$(DERIVED_FILE_DIR)/Pods-DontWasteApp-2.0-checkManifestLockResult.txt",
			);
			runOnlyForDeploymentPostprocessing = 0;
			shellPath = /bin/sh;
			shellScript = "diff \"${PODS_PODFILE_DIR_PATH}/Podfile.lock\" \"${PODS_ROOT}/Manifest.lock\" > /dev/null\nif [ $? != 0 ] ; then\n    # print error to STDERR\n    echo \"error: The sandbox is not in sync with the Podfile.lock. Run 'pod install' or update your CocoaPods installation.\" >&2\n    exit 1\nfi\n# This output is used by Xcode 'outputs' to avoid re-running this script phase.\necho \"SUCCESS\" > \"${SCRIPT_OUTPUT_FILE_0}\"\n";
			showEnvVarsInLog = 0;
		};
		7C7A02E90ED015ABF32BEFF0 /* [CP] Embed Pods Frameworks */ = {
			isa = PBXShellScriptBuildPhase;
			buildActionMask = 2147483647;
			files = (
			);
			inputFileListPaths = (
				"${PODS_ROOT}/Target Support Files/Pods-DontWasteApp-2.0/Pods-DontWasteApp-2.0-frameworks-${CONFIGURATION}-input-files.xcfilelist",
			);
			name = "[CP] Embed Pods Frameworks";
			outputFileListPaths = (
				"${PODS_ROOT}/Target Support Files/Pods-DontWasteApp-2.0/Pods-DontWasteApp-2.0-frameworks-${CONFIGURATION}-output-files.xcfilelist",
			);
			runOnlyForDeploymentPostprocessing = 0;
			shellPath = /bin/sh;
			shellScript = "\"${PODS_ROOT}/Target Support Files/Pods-DontWasteApp-2.0/Pods-DontWasteApp-2.0-frameworks.sh\"\n";
			showEnvVarsInLog = 0;
		};
/* End PBXShellScriptBuildPhase section */

/* Begin PBXSourcesBuildPhase section */
		CEF2033A26CC078F00171AF9 /* Sources */ = {
			isa = PBXSourcesBuildPhase;
			buildActionMask = 2147483647;
			files = (
				CEF2034626CC078F00171AF9 /* ViewController.swift in Sources */,
				CEF2034226CC078F00171AF9 /* AppDelegate.swift in Sources */,
				CEF2034426CC078F00171AF9 /* SceneDelegate.swift in Sources */,
			);
			runOnlyForDeploymentPostprocessing = 0;
		};
/* End PBXSourcesBuildPhase section */

/* Begin PBXVariantGroup section */
		CEF2034726CC078F00171AF9 /* Main.storyboard */ = {
			isa = PBXVariantGroup;
			children = (
				CEF2034826CC078F00171AF9 /* Base */,
			);
			name = Main.storyboard;
			sourceTree = "<group>";
		};
		CEF2034C26CC079200171AF9 /* LaunchScreen.storyboard */ = {
			isa = PBXVariantGroup;
			children = (
				CEF2034D26CC079200171AF9 /* Base */,
			);
			name = LaunchScreen.storyboard;
			sourceTree = "<group>";
		};
/* End PBXVariantGroup section */

/* Begin XCBuildConfiguration section */
		CEF2035026CC079200171AF9 /* Debug */ = {
			isa = XCBuildConfiguration;
			buildSettings = {
				ALWAYS_SEARCH_USER_PATHS = NO;
				CLANG_ANALYZER_NONNULL = YES;
				CLANG_ANALYZER_NUMBER_OBJECT_CONVERSION = YES_AGGRESSIVE;
				CLANG_CXX_LANGUAGE_STANDARD = "gnu++14";
				CLANG_CXX_LIBRARY = "libc++";
				CLANG_ENABLE_MODULES = YES;
				CLANG_ENABLE_OBJC_ARC = YES;
				CLANG_ENABLE_OBJC_WEAK = YES;
				CLANG_WARN_BLOCK_CAPTURE_AUTORELEASING = YES;
				CLANG_WARN_BOOL_CONVERSION = YES;
				CLANG_WARN_COMMA = YES;
				CLANG_WARN_CONSTANT_CONVERSION = YES;
				CLANG_WARN_DEPRECATED_OBJC_IMPLEMENTATIONS = YES;
				CLANG_WARN_DIRECT_OBJC_ISA_USAGE = YES_ERROR;
				CLANG_WARN_DOCUMENTATION_COMMENTS = YES;
				CLANG_WARN_EMPTY_BODY = YES;
				CLANG_WARN_ENUM_CONVERSION = YES;
				CLANG_WARN_INFINITE_RECURSION = YES;
				CLANG_WARN_INT_CONVERSION = YES;
				CLANG_WARN_NON_LITERAL_NULL_CONVERSION = YES;
				CLANG_WARN_OBJC_IMPLICIT_RETAIN_SELF = YES;
				CLANG_WARN_OBJC_LITERAL_CONVERSION = YES;
				CLANG_WARN_OBJC_ROOT_CLASS = YES_ERROR;
				CLANG_WARN_QUOTED_INCLUDE_IN_FRAMEWORK_HEADER = YES;
				CLANG_WARN_RANGE_LOOP_ANALYSIS = YES;
				CLANG_WARN_STRICT_PROTOTYPES = YES;
				CLANG_WARN_SUSPICIOUS_MOVE = YES;
				CLANG_WARN_UNGUARDED_AVAILABILITY = YES_AGGRESSIVE;
				CLANG_WARN_UNREACHABLE_CODE = YES;
				CLANG_WARN__DUPLICATE_METHOD_MATCH = YES;
				COPY_PHASE_STRIP = NO;
				DEBUG_INFORMATION_FORMAT = dwarf;
				ENABLE_STRICT_OBJC_MSGSEND = YES;
				ENABLE_TESTABILITY = YES;
				GCC_C_LANGUAGE_STANDARD = gnu11;
				GCC_DYNAMIC_NO_PIC = NO;
				GCC_NO_COMMON_BLOCKS = YES;
				GCC_OPTIMIZATION_LEVEL = 0;
				GCC_PREPROCESSOR_DEFINITIONS = (
					"DEBUG=1",
					"$(inherited)",
				);
				GCC_WARN_64_TO_32_BIT_CONVERSION = YES;
				GCC_WARN_ABOUT_RETURN_TYPE = YES_ERROR;
				GCC_WARN_UNDECLARED_SELECTOR = YES;
				GCC_WARN_UNINITIALIZED_AUTOS = YES_AGGRESSIVE;
				GCC_WARN_UNUSED_FUNCTION = YES;
				GCC_WARN_UNUSED_VARIABLE = YES;
				IPHONEOS_DEPLOYMENT_TARGET = 14.5;
				MTL_ENABLE_DEBUG_INFO = INCLUDE_SOURCE;
				MTL_FAST_MATH = YES;
				ONLY_ACTIVE_ARCH = YES;
				SDKROOT = iphoneos;
				SWIFT_ACTIVE_COMPILATION_CONDITIONS = DEBUG;
				SWIFT_OPTIMIZATION_LEVEL = "-Onone";
			};
			name = Debug;
		};
		CEF2035126CC079200171AF9 /* Release */ = {
			isa = XCBuildConfiguration;
			buildSettings = {
				ALWAYS_SEARCH_USER_PATHS = NO;
				CLANG_ANALYZER_NONNULL = YES;
				CLANG_ANALYZER_NUMBER_OBJECT_CONVERSION = YES_AGGRESSIVE;
				CLANG_CXX_LANGUAGE_STANDARD = "gnu++14";
				CLANG_CXX_LIBRARY = "libc++";
				CLANG_ENABLE_MODULES = YES;
				CLANG_ENABLE_OBJC_ARC = YES;
				CLANG_ENABLE_OBJC_WEAK = YES;
				CLANG_WARN_BLOCK_CAPTURE_AUTORELEASING = YES;
				CLANG_WARN_BOOL_CONVERSION = YES;
				CLANG_WARN_COMMA = YES;
				CLANG_WARN_CONSTANT_CONVERSION = YES;
				CLANG_WARN_DEPRECATED_OBJC_IMPLEMENTATIONS = YES;
				CLANG_WARN_DIRECT_OBJC_ISA_USAGE = YES_ERROR;
				CLANG_WARN_DOCUMENTATION_COMMENTS = YES;
				CLANG_WARN_EMPTY_BODY = YES;
				CLANG_WARN_ENUM_CONVERSION = YES;
				CLANG_WARN_INFINITE_RECURSION = YES;
				CLANG_WARN_INT_CONVERSION = YES;
				CLANG_WARN_NON_LITERAL_NULL_CONVERSION = YES;
				CLANG_WARN_OBJC_IMPLICIT_RETAIN_SELF = YES;
				CLANG_WARN_OBJC_LITERAL_CONVERSION = YES;
				CLANG_WARN_OBJC_ROOT_CLASS = YES_ERROR;
				CLANG_WARN_QUOTED_INCLUDE_IN_FRAMEWORK_HEADER = YES;
				CLANG_WARN_RANGE_LOOP_ANALYSIS = YES;
				CLANG_WARN_STRICT_PROTOTYPES = YES;
				CLANG_WARN_SUSPICIOUS_MOVE = YES;
				CLANG_WARN_UNGUARDED_AVAILABILITY = YES_AGGRESSIVE;
				CLANG_WARN_UNREACHABLE_CODE = YES;
				CLANG_WARN__DUPLICATE_METHOD_MATCH = YES;
				COPY_PHASE_STRIP = NO;
				DEBUG_INFORMATION_FORMAT = "dwarf-with-dsym";
				ENABLE_NS_ASSERTIONS = NO;
				ENABLE_STRICT_OBJC_MSGSEND = YES;
				GCC_C_LANGUAGE_STANDARD = gnu11;
				GCC_NO_COMMON_BLOCKS = YES;
				GCC_WARN_64_TO_32_BIT_CONVERSION = YES;
				GCC_WARN_ABOUT_RETURN_TYPE = YES_ERROR;
				GCC_WARN_UNDECLARED_SELECTOR = YES;
				GCC_WARN_UNINITIALIZED_AUTOS = YES_AGGRESSIVE;
				GCC_WARN_UNUSED_FUNCTION = YES;
				GCC_WARN_UNUSED_VARIABLE = YES;
				IPHONEOS_DEPLOYMENT_TARGET = 14.5;
				MTL_ENABLE_DEBUG_INFO = NO;
				MTL_FAST_MATH = YES;
				SDKROOT = iphoneos;
				SWIFT_COMPILATION_MODE = wholemodule;
				SWIFT_OPTIMIZATION_LEVEL = "-O";
				VALIDATE_PRODUCT = YES;
			};
			name = Release;
		};
		CEF2035326CC079200171AF9 /* Debug */ = {
			isa = XCBuildConfiguration;
			baseConfigurationReference = BCD3E99C4D9469C1B5A8E937 /* Pods-DontWasteApp-2.0.debug.xcconfig */;
			buildSettings = {
				ASSETCATALOG_COMPILER_APPICON_NAME = AppIcon;
				ASSETCATALOG_COMPILER_GLOBAL_ACCENT_COLOR_NAME = AccentColor;
				CODE_SIGN_STYLE = Automatic;
				DEVELOPMENT_TEAM = 3XZ4BSYF8M;
				INFOPLIST_FILE = "DontWasteApp-2.0/Info.plist";
				LD_RUNPATH_SEARCH_PATHS = (
					"$(inherited)",
					"@executable_path/Frameworks",
				);
				PRODUCT_BUNDLE_IDENTIFIER = "D.U.DontWasteApp-2-0";
				PRODUCT_NAME = "$(TARGET_NAME)";
				SWIFT_VERSION = 5.0;
				TARGETED_DEVICE_FAMILY = "1,2";
			};
			name = Debug;
		};
		CEF2035426CC079200171AF9 /* Release */ = {
			isa = XCBuildConfiguration;
			baseConfigurationReference = 97E6B5401111C559F8C947CD /* Pods-DontWasteApp-2.0.release.xcconfig */;
			buildSettings = {
				ASSETCATALOG_COMPILER_APPICON_NAME = AppIcon;
				ASSETCATALOG_COMPILER_GLOBAL_ACCENT_COLOR_NAME = AccentColor;
				CODE_SIGN_STYLE = Automatic;
				DEVELOPMENT_TEAM = 3XZ4BSYF8M;
				INFOPLIST_FILE = "DontWasteApp-2.0/Info.plist";
				LD_RUNPATH_SEARCH_PATHS = (
					"$(inherited)",
					"@executable_path/Frameworks",
				);
				PRODUCT_BUNDLE_IDENTIFIER = "D.U.DontWasteApp-2-0";
				PRODUCT_NAME = "$(TARGET_NAME)";
				SWIFT_VERSION = 5.0;
				TARGETED_DEVICE_FAMILY = "1,2";
			};
			name = Release;
		};
/* End XCBuildConfiguration section */

/* Begin XCConfigurationList section */
		CEF2033926CC078F00171AF9 /* Build configuration list for PBXProject "DontWasteApp-2.0" */ = {
			isa = XCConfigurationList;
			buildConfigurations = (
				CEF2035026CC079200171AF9 /* Debug */,
				CEF2035126CC079200171AF9 /* Release */,
			);
			defaultConfigurationIsVisible = 0;
			defaultConfigurationName = Release;
		};
		CEF2035226CC079200171AF9 /* Build configuration list for PBXNativeTarget "DontWasteApp-2.0" */ = {
			isa = XCConfigurationList;
			buildConfigurations = (
				CEF2035326CC079200171AF9 /* Debug */,
				CEF2035426CC079200171AF9 /* Release */,
			);
			defaultConfigurationIsVisible = 0;
			defaultConfigurationName = Release;
		};
/* End XCConfigurationList section */
	};
	rootObject = CEF2033626CC078F00171AF9 /* Project object */;
}
